// !$*UTF8*$!
{
	archiveVersion = 1;
	classes = {
	};
	objectVersion = 77;
	objects = {

/* Begin PBXBuildFile section */
		DB58BF452E0792A500178211 /* TerminalFace Watch App.app in Embed Watch Content */ = {isa = PBXBuildFile; fileRef = DB58BF442E0792A500178211 /* TerminalFace Watch App.app */; settings = {ATTRIBUTES = (RemoveHeadersOnCopy, ); }; };
/* End PBXBuildFile section */

/* Begin PBXContainerItemProxy section */
		DB58BF462E0792A500178211 /* PBXContainerItemProxy */ = {
			isa = PBXContainerItemProxy;
			containerPortal = DB58BF382E0792A500178211 /* Project object */;
			proxyType = 1;
			remoteGlobalIDString = DB58BF432E0792A500178211;
			remoteInfo = "TerminalFace Watch App";
		};
		DB58BF542E0792A600178211 /* PBXContainerItemProxy */ = {
			isa = PBXContainerItemProxy;
			containerPortal = DB58BF382E0792A500178211 /* Project object */;
			proxyType = 1;
			remoteGlobalIDString = DB58BF432E0792A500178211;
			remoteInfo = "TerminalFace Watch App";
		};
		DB58BF5E2E0792A600178211 /* PBXContainerItemProxy */ = {
			isa = PBXContainerItemProxy;
			containerPortal = DB58BF382E0792A500178211 /* Project object */;
			proxyType = 1;
			remoteGlobalIDString = DB58BF432E0792A500178211;
			remoteInfo = "TerminalFace Watch App";
		};
/* End PBXContainerItemProxy section */

/* Begin PBXCopyFilesBuildPhase section */
		DB58BF6A2E0792A600178211 /* Embed Watch Content */ = {
			isa = PBXCopyFilesBuildPhase;
			buildActionMask = 2147483647;
			dstPath = "$(CONTENTS_FOLDER_PATH)/Watch";
			dstSubfolderSpec = 16;
			files = (
				DB58BF452E0792A500178211 /* TerminalFace Watch App.app in Embed Watch Content */,
			);
			name = "Embed Watch Content";
			runOnlyForDeploymentPostprocessing = 0;
		};
/* End PBXCopyFilesBuildPhase section */

/* Begin PBXFileReference section */
		DB58BF3E2E0792A500178211 /* TerminalFace.app */ = {isa = PBXFileReference; explicitFileType = wrapper.application; includeInIndex = 0; path = TerminalFace.app; sourceTree = BUILT_PRODUCTS_DIR; };
		DB58BF442E0792A500178211 /* TerminalFace Watch App.app */ = {isa = PBXFileReference; explicitFileType = wrapper.application; includeInIndex = 0; path = "TerminalFace Watch App.app"; sourceTree = BUILT_PRODUCTS_DIR; };
		DB58BF532E0792A600178211 /* TerminalFace Watch AppTests.xctest */ = {isa = PBXFileReference; explicitFileType = wrapper.cfbundle; includeInIndex = 0; path = "TerminalFace Watch AppTests.xctest"; sourceTree = BUILT_PRODUCTS_DIR; };
		DB58BF5D2E0792A600178211 /* TerminalFace Watch AppUITests.xctest */ = {isa = PBXFileReference; explicitFileType = wrapper.cfbundle; includeInIndex = 0; path = "TerminalFace Watch AppUITests.xctest"; sourceTree = BUILT_PRODUCTS_DIR; };
/* End PBXFileReference section */

/* Begin PBXFileSystemSynchronizedRootGroup section */
		DB58BF482E0792A500178211 /* TerminalFace Watch App */ = {
			isa = PBXFileSystemSynchronizedRootGroup;
			path = "TerminalFace Watch App";
			sourceTree = "<group>";
		};
		DB58BF562E0792A600178211 /* TerminalFace Watch AppTests */ = {
			isa = PBXFileSystemSynchronizedRootGroup;
			path = "TerminalFace Watch AppTests";
			sourceTree = "<group>";
		};
		DB58BF602E0792A600178211 /* TerminalFace Watch AppUITests */ = {
			isa = PBXFileSystemSynchronizedRootGroup;
			path = "TerminalFace Watch AppUITests";
			sourceTree = "<group>";
		};
/* End PBXFileSystemSynchronizedRootGroup section */

/* Begin PBXFrameworksBuildPhase section */
		DB58BF412E0792A500178211 /* Frameworks */ = {
			isa = PBXFrameworksBuildPhase;
			buildActionMask = 2147483647;
			files = (
			);
			runOnlyForDeploymentPostprocessing = 0;
		};
		DB58BF502E0792A600178211 /* Frameworks */ = {
			isa = PBXFrameworksBuildPhase;
			buildActionMask = 2147483647;
			files = (
			);
			runOnlyForDeploymentPostprocessing = 0;
		};
		DB58BF5A2E0792A600178211 /* Frameworks */ = {
			isa = PBXFrameworksBuildPhase;
			buildActionMask = 2147483647;
			files = (
			);
			runOnlyForDeploymentPostprocessing = 0;
		};
/* End PBXFrameworksBuildPhase section */

/* Begin PBXGroup section */
		DB58BF372E0792A500178211 = {
			isa = PBXGroup;
			children = (
				DB58BF482E0792A500178211 /* TerminalFace Watch App */,
				DB58BF562E0792A600178211 /* TerminalFace Watch AppTests */,
				DB58BF602E0792A600178211 /* TerminalFace Watch AppUITests */,
				DB58BF3F2E0792A500178211 /* Products */,
			);
			sourceTree = "<group>";
		};
		DB58BF3F2E0792A500178211 /* Products */ = {
			isa = PBXGroup;
			children = (
				DB58BF3E2E0792A500178211 /* TerminalFace.app */,
				DB58BF442E0792A500178211 /* TerminalFace Watch App.app */,
				DB58BF532E0792A600178211 /* TerminalFace Watch AppTests.xctest */,
				DB58BF5D2E0792A600178211 /* TerminalFace Watch AppUITests.xctest */,
			);
			name = Products;
			sourceTree = "<group>";
		};
/* End PBXGroup section */

/* Begin PBXNativeTarget section */
		DB58BF3D2E0792A500178211 /* TerminalFace */ = {
			isa = PBXNativeTarget;
			buildConfigurationList = DB58BF6B2E0792A600178211 /* Build configuration list for PBXNativeTarget "TerminalFace" */;
			buildPhases = (
				DB58BF3C2E0792A500178211 /* Resources */,
				DB58BF6A2E0792A600178211 /* Embed Watch Content */,
			);
			buildRules = (
			);
			dependencies = (
				DB58BF472E0792A500178211 /* PBXTargetDependency */,
			);
			name = TerminalFace;
			packageProductDependencies = (
			);
			productName = TerminalFace;
			productReference = DB58BF3E2E0792A500178211 /* TerminalFace.app */;
			productType = "com.apple.product-type.application.watchapp2-container";
		};
		DB58BF432E0792A500178211 /* TerminalFace Watch App */ = {
			isa = PBXNativeTarget;
			buildConfigurationList = DB58BF672E0792A600178211 /* Build configuration list for PBXNativeTarget "TerminalFace Watch App" */;
			buildPhases = (
				DB58BF402E0792A500178211 /* Sources */,
				DB58BF412E0792A500178211 /* Frameworks */,
				DB58BF422E0792A500178211 /* Resources */,
			);
			buildRules = (
			);
			dependencies = (
			);
			fileSystemSynchronizedGroups = (
				DB58BF482E0792A500178211 /* TerminalFace Watch App */,
			);
			name = "TerminalFace Watch App";
			packageProductDependencies = (
			);
			productName = "TerminalFace Watch App";
			productReference = DB58BF442E0792A500178211 /* TerminalFace Watch App.app */;
			productType = "com.apple.product-type.application";
		};
		DB58BF522E0792A600178211 /* TerminalFace Watch AppTests */ = {
			isa = PBXNativeTarget;
			buildConfigurationList = DB58BF6E2E0792A600178211 /* Build configuration list for PBXNativeTarget "TerminalFace Watch AppTests" */;
			buildPhases = (
				DB58BF4F2E0792A600178211 /* Sources */,
				DB58BF502E0792A600178211 /* Frameworks */,
				DB58BF512E0792A600178211 /* Resources */,
			);
			buildRules = (
			);
			dependencies = (
				DB58BF552E0792A600178211 /* PBXTargetDependency */,
			);
			fileSystemSynchronizedGroups = (
				DB58BF562E0792A600178211 /* TerminalFace Watch AppTests */,
			);
			name = "TerminalFace Watch AppTests";
			packageProductDependencies = (
			);
			productName = "TerminalFace Watch AppTests";
			productReference = DB58BF532E0792A600178211 /* TerminalFace Watch AppTests.xctest */;
			productType = "com.apple.product-type.bundle.unit-test";
		};
		DB58BF5C2E0792A600178211 /* TerminalFace Watch AppUITests */ = {
			isa = PBXNativeTarget;
			buildConfigurationList = DB58BF712E0792A600178211 /* Build configuration list for PBXNativeTarget "TerminalFace Watch AppUITests" */;
			buildPhases = (
				DB58BF592E0792A600178211 /* Sources */,
				DB58BF5A2E0792A600178211 /* Frameworks */,
				DB58BF5B2E0792A600178211 /* Resources */,
			);
			buildRules = (
			);
			dependencies = (
				DB58BF5F2E0792A600178211 /* PBXTargetDependency */,
			);
			fileSystemSynchronizedGroups = (
				DB58BF602E0792A600178211 /* TerminalFace Watch AppUITests */,
			);
			name = "TerminalFace Watch AppUITests";
			packageProductDependencies = (
			);
			productName = "TerminalFace Watch AppUITests";
			productReference = DB58BF5D2E0792A600178211 /* TerminalFace Watch AppUITests.xctest */;
			productType = "com.apple.product-type.bundle.ui-testing";
		};
/* End PBXNativeTarget section */

/* Begin PBXProject section */
		DB58BF382E0792A500178211 /* Project object */ = {
			isa = PBXProject;
			attributes = {
				BuildIndependentTargetsInParallel = 1;
				LastSwiftUpdateCheck = 1640;
				LastUpgradeCheck = 1640;
				TargetAttributes = {
					DB58BF3D2E0792A500178211 = {
						CreatedOnToolsVersion = 16.4;
					};
					DB58BF432E0792A500178211 = {
						CreatedOnToolsVersion = 16.4;
					};
					DB58BF522E0792A600178211 = {
						CreatedOnToolsVersion = 16.4;
						TestTargetID = DB58BF432E0792A500178211;
					};
					DB58BF5C2E0792A600178211 = {
						CreatedOnToolsVersion = 16.4;
						TestTargetID = DB58BF432E0792A500178211;
					};
				};
			};
			buildConfigurationList = DB58BF3B2E0792A500178211 /* Build configuration list for PBXProject "TerminalFace" */;
			developmentRegion = en;
			hasScannedForEncodings = 0;
			knownRegions = (
				en,
				Base,
			);
			mainGroup = DB58BF372E0792A500178211;
			minimizedProjectReferenceProxies = 1;
			preferredProjectObjectVersion = 77;
			productRefGroup = DB58BF3F2E0792A500178211 /* Products */;
			projectDirPath = "";
			projectRoot = "";
			targets = (
				DB58BF3D2E0792A500178211 /* TerminalFace */,
				DB58BF432E0792A500178211 /* TerminalFace Watch App */,
				DB58BF522E0792A600178211 /* TerminalFace Watch AppTests */,
				DB58BF5C2E0792A600178211 /* TerminalFace Watch AppUITests */,
			);
		};
/* End PBXProject section */

/* Begin PBXResourcesBuildPhase section */
		DB58BF3C2E0792A500178211 /* Resources */ = {
			isa = PBXResourcesBuildPhase;
			buildActionMask = 2147483647;
			files = (
			);
			runOnlyForDeploymentPostprocessing = 0;
		};
		DB58BF422E0792A500178211 /* Resources */ = {
			isa = PBXResourcesBuildPhase;
			buildActionMask = 2147483647;
			files = (
			);
			runOnlyForDeploymentPostprocessing = 0;
		};
		DB58BF512E0792A600178211 /* Resources */ = {
			isa = PBXResourcesBuildPhase;
			buildActionMask = 2147483647;
			files = (
			);
			runOnlyForDeploymentPostprocessing = 0;
		};
		DB58BF5B2E0792A600178211 /* Resources */ = {
			isa = PBXResourcesBuildPhase;
			buildActionMask = 2147483647;
			files = (
			);
			runOnlyForDeploymentPostprocessing = 0;
		};
/* End PBXResourcesBuildPhase section */

/* Begin PBXSourcesBuildPhase section */
		DB58BF402E0792A500178211 /* Sources */ = {
			isa = PBXSourcesBuildPhase;
			buildActionMask = 2147483647;
			files = (
			);
			runOnlyForDeploymentPostprocessing = 0;
		};
		DB58BF4F2E0792A600178211 /* Sources */ = {
			isa = PBXSourcesBuildPhase;
			buildActionMask = 2147483647;
			files = (
			);
			runOnlyForDeploymentPostprocessing = 0;
		};
		DB58BF592E0792A600178211 /* Sources */ = {
			isa = PBXSourcesBuildPhase;
			buildActionMask = 2147483647;
			files = (
			);
			runOnlyForDeploymentPostprocessing = 0;
		};
/* End PBXSourcesBuildPhase section */

/* Begin PBXTargetDependency section */
		DB58BF472E0792A500178211 /* PBXTargetDependency */ = {
			isa = PBXTargetDependency;
			target = DB58BF432E0792A500178211 /* TerminalFace Watch App */;
			targetProxy = DB58BF462E0792A500178211 /* PBXContainerItemProxy */;
		};
		DB58BF552E0792A600178211 /* PBXTargetDependency */ = {
			isa = PBXTargetDependency;
			target = DB58BF432E0792A500178211 /* TerminalFace Watch App */;
			targetProxy = DB58BF542E0792A600178211 /* PBXContainerItemProxy */;
		};
		DB58BF5F2E0792A600178211 /* PBXTargetDependency */ = {
			isa = PBXTargetDependency;
			target = DB58BF432E0792A500178211 /* TerminalFace Watch App */;
			targetProxy = DB58BF5E2E0792A600178211 /* PBXContainerItemProxy */;
		};
/* End PBXTargetDependency section */

/* Begin XCBuildConfiguration section */
		DB58BF652E0792A600178211 /* Debug */ = {
			isa = XCBuildConfiguration;
			buildSettings = {
				ALWAYS_SEARCH_USER_PATHS = NO;
				ASSETCATALOG_COMPILER_GENERATE_SWIFT_ASSET_SYMBOL_EXTENSIONS = YES;
				CLANG_ANALYZER_NONNULL = YES;
				CLANG_ANALYZER_NUMBER_OBJECT_CONVERSION = YES_AGGRESSIVE;
				CLANG_CXX_LANGUAGE_STANDARD = "gnu++20";
				CLANG_ENABLE_MODULES = YES;
				CLANG_ENABLE_OBJC_ARC = YES;
				CLANG_ENABLE_OBJC_WEAK = YES;
				CLANG_WARN_BLOCK_CAPTURE_AUTORELEASING = YES;
				CLANG_WARN_BOOL_CONVERSION = YES;
				CLANG_WARN_COMMA = YES;
				CLANG_WARN_CONSTANT_CONVERSION = YES;
				CLANG_WARN_DEPRECATED_OBJC_IMPLEMENTATIONS = YES;
				CLANG_WARN_DIRECT_OBJC_ISA_USAGE = YES_ERROR;
				CLANG_WARN_DOCUMENTATION_COMMENTS = YES;
				CLANG_WARN_EMPTY_BODY = YES;
				CLANG_WARN_ENUM_CONVERSION = YES;
				CLANG_WARN_INFINITE_RECURSION = YES;
				CLANG_WARN_INT_CONVERSION = YES;
				CLANG_WARN_NON_LITERAL_NULL_CONVERSION = YES;
				CLANG_WARN_OBJC_IMPLICIT_RETAIN_SELF = YES;
				CLANG_WARN_OBJC_LITERAL_CONVERSION = YES;
				CLANG_WARN_OBJC_ROOT_CLASS = YES_ERROR;
				CLANG_WARN_QUOTED_INCLUDE_IN_FRAMEWORK_HEADER = YES;
				CLANG_WARN_RANGE_LOOP_ANALYSIS = YES;
				CLANG_WARN_STRICT_PROTOTYPES = YES;
				CLANG_WARN_SUSPICIOUS_MOVE = YES;
				CLANG_WARN_UNGUARDED_AVAILABILITY = YES_AGGRESSIVE;
				CLANG_WARN_UNREACHABLE_CODE = YES;
				CLANG_WARN__DUPLICATE_METHOD_MATCH = YES;
				COPY_PHASE_STRIP = NO;
				DEBUG_INFORMATION_FORMAT = dwarf;
				ENABLE_STRICT_OBJC_MSGSEND = YES;
				ENABLE_TESTABILITY = YES;
				ENABLE_USER_SCRIPT_SANDBOXING = YES;
				GCC_C_LANGUAGE_STANDARD = gnu17;
				GCC_DYNAMIC_NO_PIC = NO;
				GCC_NO_COMMON_BLOCKS = YES;
				GCC_OPTIMIZATION_LEVEL = 0;
				GCC_PREPROCESSOR_DEFINITIONS = (
					"DEBUG=1",
					"$(inherited)",
				);
				GCC_WARN_64_TO_32_BIT_CONVERSION = YES;
				GCC_WARN_ABOUT_RETURN_TYPE = YES_ERROR;
				GCC_WARN_UNDECLARED_SELECTOR = YES;
				GCC_WARN_UNINITIALIZED_AUTOS = YES_AGGRESSIVE;
				GCC_WARN_UNUSED_FUNCTION = YES;
				GCC_WARN_UNUSED_VARIABLE = YES;
				LOCALIZATION_PREFERS_STRING_CATALOGS = YES;
				MTL_ENABLE_DEBUG_INFO = INCLUDE_SOURCE;
				MTL_FAST_MATH = YES;
				ONLY_ACTIVE_ARCH = YES;
				SWIFT_ACTIVE_COMPILATION_CONDITIONS = "DEBUG $(inherited)";
				SWIFT_OPTIMIZATION_LEVEL = "-Onone";
			};
			name = Debug;
		};
		DB58BF662E0792A600178211 /* Release */ = {
			isa = XCBuildConfiguration;
			buildSettings = {
				ALWAYS_SEARCH_USER_PATHS = NO;
				ASSETCATALOG_COMPILER_GENERATE_SWIFT_ASSET_SYMBOL_EXTENSIONS = YES;
				CLANG_ANALYZER_NONNULL = YES;
				CLANG_ANALYZER_NUMBER_OBJECT_CONVERSION = YES_AGGRESSIVE;
				CLANG_CXX_LANGUAGE_STANDARD = "gnu++20";
				CLANG_ENABLE_MODULES = YES;
				CLANG_ENABLE_OBJC_ARC = YES;
				CLANG_ENABLE_OBJC_WEAK = YES;
				CLANG_WARN_BLOCK_CAPTURE_AUTORELEASING = YES;
				CLANG_WARN_BOOL_CONVERSION = YES;
				CLANG_WARN_COMMA = YES;
				CLANG_WARN_CONSTANT_CONVERSION = YES;
				CLANG_WARN_DEPRECATED_OBJC_IMPLEMENTATIONS = YES;
				CLANG_WARN_DIRECT_OBJC_ISA_USAGE = YES_ERROR;
				CLANG_WARN_DOCUMENTATION_COMMENTS = YES;
				CLANG_WARN_EMPTY_BODY = YES;
				CLANG_WARN_ENUM_CONVERSION = YES;
				CLANG_WARN_INFINITE_RECURSION = YES;
				CLANG_WARN_INT_CONVERSION = YES;
				CLANG_WARN_NON_LITERAL_NULL_CONVERSION = YES;
				CLANG_WARN_OBJC_IMPLICIT_RETAIN_SELF = YES;
				CLANG_WARN_OBJC_LITERAL_CONVERSION = YES;
				CLANG_WARN_OBJC_ROOT_CLASS = YES_ERROR;
				CLANG_WARN_QUOTED_INCLUDE_IN_FRAMEWORK_HEADER = YES;
				CLANG_WARN_RANGE_LOOP_ANALYSIS = YES;
				CLANG_WARN_STRICT_PROTOTYPES = YES;
				CLANG_WARN_SUSPICIOUS_MOVE = YES;
				CLANG_WARN_UNGUARDED_AVAILABILITY = YES_AGGRESSIVE;
				CLANG_WARN_UNREACHABLE_CODE = YES;
				CLANG_WARN__DUPLICATE_METHOD_MATCH = YES;
				COPY_PHASE_STRIP = NO;
				DEBUG_INFORMATION_FORMAT = "dwarf-with-dsym";
				ENABLE_NS_ASSERTIONS = NO;
				ENABLE_STRICT_OBJC_MSGSEND = YES;
				ENABLE_USER_SCRIPT_SANDBOXING = YES;
				GCC_C_LANGUAGE_STANDARD = gnu17;
				GCC_NO_COMMON_BLOCKS = YES;
				GCC_WARN_64_TO_32_BIT_CONVERSION = YES;
				GCC_WARN_ABOUT_RETURN_TYPE = YES_ERROR;
				GCC_WARN_UNDECLARED_SELECTOR = YES;
				GCC_WARN_UNINITIALIZED_AUTOS = YES_AGGRESSIVE;
				GCC_WARN_UNUSED_FUNCTION = YES;
				GCC_WARN_UNUSED_VARIABLE = YES;
				LOCALIZATION_PREFERS_STRING_CATALOGS = YES;
				MTL_ENABLE_DEBUG_INFO = NO;
				MTL_FAST_MATH = YES;
				SWIFT_COMPILATION_MODE = wholemodule;
			};
			name = Release;
		};
		DB58BF682E0792A600178211 /* Debug */ = {
			isa = XCBuildConfiguration;
			buildSettings = {
				ASSETCATALOG_COMPILER_APPICON_NAME = AppIcon;
				ASSETCATALOG_COMPILER_GLOBAL_ACCENT_COLOR_NAME = AccentColor;
				CODE_SIGN_ENTITLEMENTS = "TerminalFace Watch App/TerminalFace Watch App.entitlements";
				CODE_SIGN_IDENTITY = "Apple Development";
				CODE_SIGN_STYLE = Automatic;
				CURRENT_PROJECT_VERSION = 1;
				DEVELOPMENT_TEAM = RRS92LGHU8;
				ENABLE_PREVIEWS = YES;
				GENERATE_INFOPLIST_FILE = YES;
				INFOPLIST_KEY_CFBundleDisplayName = TerminalFace;
				INFOPLIST_KEY_NSHealthShareUsageDescription = "This app uses HealthKit to display your activity rings.";
				INFOPLIST_KEY_UISupportedInterfaceOrientations = "UIInterfaceOrientationPortrait UIInterfaceOrientationPortraitUpsideDown";
				INFOPLIST_KEY_WKWatchOnly = YES;
				LD_RUNPATH_SEARCH_PATHS = (
					"$(inherited)",
					"@executable_path/Frameworks",
				);
				MARKETING_VERSION = 1.0;
				PRODUCT_BUNDLE_IDENTIFIER = "hex.TerminalFace-Watch-App";
				PRODUCT_NAME = "$(TARGET_NAME)";
				PROVISIONING_PROFILE_SPECIFIER = "";
				SDKROOT = watchos;
				SKIP_INSTALL = YES;
				SWIFT_EMIT_LOC_STRINGS = YES;
				SWIFT_VERSION = 5.0;
				TARGETED_DEVICE_FAMILY = 4;
				WATCHOS_DEPLOYMENT_TARGET = 11.0;
			};
			name = Debug;
		};
		DB58BF692E0792A600178211 /* Release */ = {
			isa = XCBuildConfiguration;
			buildSettings = {
				ASSETCATALOG_COMPILER_APPICON_NAME = AppIcon;
				ASSETCATALOG_COMPILER_GLOBAL_ACCENT_COLOR_NAME = AccentColor;
				CODE_SIGN_ENTITLEMENTS = "TerminalFace Watch App/TerminalFace Watch App.entitlements";
				CODE_SIGN_IDENTITY = "Apple Development";
				CODE_SIGN_STYLE = Automatic;
				CURRENT_PROJECT_VERSION = 1;
				DEVELOPMENT_TEAM = RRS92LGHU8;
				ENABLE_PREVIEWS = YES;
				GENERATE_INFOPLIST_FILE = YES;
				INFOPLIST_KEY_CFBundleDisplayName = TerminalFace;
				INFOPLIST_KEY_NSHealthShareUsageDescription = "This app uses HealthKit to display your activity rings.";
				INFOPLIST_KEY_UISupportedInterfaceOrientations = "UIInterfaceOrientationPortrait UIInterfaceOrientationPortraitUpsideDown";
				INFOPLIST_KEY_WKWatchOnly = YES;
				LD_RUNPATH_SEARCH_PATHS = (
					"$(inherited)",
					"@executable_path/Frameworks",
				);
				MARKETING_VERSION = 1.0;
				PRODUCT_BUNDLE_IDENTIFIER = "hex.TerminalFace-Watch-App";
				PRODUCT_NAME = "$(TARGET_NAME)";
				PROVISIONING_PROFILE_SPECIFIER = "";
				SDKROOT = watchos;
				SKIP_INSTALL = YES;
				SWIFT_EMIT_LOC_STRINGS = YES;
				SWIFT_VERSION = 5.0;
				TARGETED_DEVICE_FAMILY = 4;
				VALIDATE_PRODUCT = YES;
				WATCHOS_DEPLOYMENT_TARGET = 11.0;
			};
			name = Release;
		};
		DB58BF6C2E0792A600178211 /* Debug */ = {
			isa = XCBuildConfiguration;
			buildSettings = {
				CODE_SIGN_STYLE = Automatic;
				CURRENT_PROJECT_VERSION = 1;
				DEVELOPMENT_TEAM = RRS92LGHU8;
				INFOPLIST_KEY_CFBundleDisplayName = TerminalFace;
				MARKETING_VERSION = 1.0;
				PRODUCT_BUNDLE_IDENTIFIER = hex.TerminalFace;
				PRODUCT_NAME = "$(TARGET_NAME)";
				SDKROOT = iphoneos;
				SWIFT_VERSION = 5.0;
			};
			name = Debug;
		};
		DB58BF6D2E0792A600178211 /* Release */ = {
			isa = XCBuildConfiguration;
			buildSettings = {
				CODE_SIGN_STYLE = Automatic;
				CURRENT_PROJECT_VERSION = 1;
				DEVELOPMENT_TEAM = RRS92LGHU8;
				INFOPLIST_KEY_CFBundleDisplayName = TerminalFace;
				MARKETING_VERSION = 1.0;
				PRODUCT_BUNDLE_IDENTIFIER = hex.TerminalFace;
				PRODUCT_NAME = "$(TARGET_NAME)";
				SDKROOT = iphoneos;
				SWIFT_VERSION = 5.0;
				VALIDATE_PRODUCT = YES;
			};
			name = Release;
		};
		DB58BF6F2E0792A600178211 /* Debug */ = {
			isa = XCBuildConfiguration;
			buildSettings = {
				BUNDLE_LOADER = "$(TEST_HOST)";
				CODE_SIGN_STYLE = Automatic;
				CURRENT_PROJECT_VERSION = 1;
				DEVELOPMENT_TEAM = RRS92LGHU8;
				GENERATE_INFOPLIST_FILE = YES;
				MARKETING_VERSION = 1.0;
				PRODUCT_BUNDLE_IDENTIFIER = "hex.TerminalFace-Watch-AppTests";
				PRODUCT_NAME = "$(TARGET_NAME)";
				SDKROOT = watchos;
				SWIFT_EMIT_LOC_STRINGS = NO;
				SWIFT_VERSION = 5.0;
				TARGETED_DEVICE_FAMILY = 4;
				TEST_HOST = "$(BUILT_PRODUCTS_DIR)/TerminalFace Watch App.app/$(BUNDLE_EXECUTABLE_FOLDER_PATH)/TerminalFace Watch App";
				WATCHOS_DEPLOYMENT_TARGET = 11.5;
			};
			name = Debug;
		};
		DB58BF702E0792A600178211 /* Release */ = {
			isa = XCBuildConfiguration;
			buildSettings = {
				BUNDLE_LOADER = "$(TEST_HOST)";
				CODE_SIGN_STYLE = Automatic;
				CURRENT_PROJECT_VERSION = 1;
				DEVELOPMENT_TEAM = RRS92LGHU8;
				GENERATE_INFOPLIST_FILE = YES;
				MARKETING_VERSION = 1.0;
				PRODUCT_BUNDLE_IDENTIFIER = "hex.TerminalFace-Watch-AppTests";
				PRODUCT_NAME = "$(TARGET_NAME)";
				SDKROOT = watchos;
				SWIFT_EMIT_LOC_STRINGS = NO;
				SWIFT_VERSION = 5.0;
				TARGETED_DEVICE_FAMILY = 4;
				TEST_HOST = "$(BUILT_PRODUCTS_DIR)/TerminalFace Watch App.app/$(BUNDLE_EXECUTABLE_FOLDER_PATH)/TerminalFace Watch App";
				VALIDATE_PRODUCT = YES;
				WATCHOS_DEPLOYMENT_TARGET = 11.5;
			};
			name = Release;
		};
		DB58BF722E0792A600178211 /* Debug */ = {
			isa = XCBuildConfiguration;
			buildSettings = {
				CODE_SIGN_STYLE = Automatic;
				CURRENT_PROJECT_VERSION = 1;
				DEVELOPMENT_TEAM = RRS92LGHU8;
				GENERATE_INFOPLIST_FILE = YES;
				MARKETING_VERSION = 1.0;
				PRODUCT_BUNDLE_IDENTIFIER = "hex.TerminalFace-Watch-AppUITests";
				PRODUCT_NAME = "$(TARGET_NAME)";
				SDKROOT = watchos;
				SWIFT_EMIT_LOC_STRINGS = NO;
				SWIFT_VERSION = 5.0;
				TARGETED_DEVICE_FAMILY = 4;
				TEST_TARGET_NAME = "TerminalFace Watch App";
				WATCHOS_DEPLOYMENT_TARGET = 11.5;
			};
			name = Debug;
		};
		DB58BF732E0792A600178211 /* Release */ = {
			isa = XCBuildConfiguration;
			buildSettings = {
				CODE_SIGN_STYLE = Automatic;
				CURRENT_PROJECT_VERSION = 1;
				DEVELOPMENT_TEAM = RRS92LGHU8;
				GENERATE_INFOPLIST_FILE = YES;
				MARKETING_VERSION = 1.0;
				PRODUCT_BUNDLE_IDENTIFIER = "hex.TerminalFace-Watch-AppUITests";
				PRODUCT_NAME = "$(TARGET_NAME)";
				SDKROOT = watchos;
				SWIFT_EMIT_LOC_STRINGS = NO;
				SWIFT_VERSION = 5.0;
				TARGETED_DEVICE_FAMILY = 4;
				TEST_TARGET_NAME = "TerminalFace Watch App";
				VALIDATE_PRODUCT = YES;
				WATCHOS_DEPLOYMENT_TARGET = 11.5;
			};
			name = Release;
		};
/* End XCBuildConfiguration section */

/* Begin XCConfigurationList section */
		DB58BF3B2E0792A500178211 /* Build configuration list for PBXProject "TerminalFace" */ = {
			isa = XCConfigurationList;
			buildConfigurations = (
				DB58BF652E0792A600178211 /* Debug */,
				DB58BF662E0792A600178211 /* Release */,
			);
			defaultConfigurationIsVisible = 0;
			defaultConfigurationName = Release;
		};
		DB58BF672E0792A600178211 /* Build configuration list for PBXNativeTarget "TerminalFace Watch App" */ = {
			isa = XCConfigurationList;
			buildConfigurations = (
				DB58BF682E0792A600178211 /* Debug */,
				DB58BF692E0792A600178211 /* Release */,
			);
			defaultConfigurationIsVisible = 0;
			defaultConfigurationName = Release;
		};
		DB58BF6B2E0792A600178211 /* Build configuration list for PBXNativeTarget "TerminalFace" */ = {
			isa = XCConfigurationList;
			buildConfigurations = (
				DB58BF6C2E0792A600178211 /* Debug */,
				DB58BF6D2E0792A600178211 /* Release */,
			);
			defaultConfigurationIsVisible = 0;
			defaultConfigurationName = Release;
		};
		DB58BF6E2E0792A600178211 /* Build configuration list for PBXNativeTarget "TerminalFace Watch AppTests" */ = {
			isa = XCConfigurationList;
			buildConfigurations = (
				DB58BF6F2E0792A600178211 /* Debug */,
				DB58BF702E0792A600178211 /* Release */,
			);
			defaultConfigurationIsVisible = 0;
			defaultConfigurationName = Release;
		};
		DB58BF712E0792A600178211 /* Build configuration list for PBXNativeTarget "TerminalFace Watch AppUITests" */ = {
			isa = XCConfigurationList;
			buildConfigurations = (
				DB58BF722E0792A600178211 /* Debug */,
				DB58BF732E0792A600178211 /* Release */,
			);
			defaultConfigurationIsVisible = 0;
			defaultConfigurationName = Release;
		};
/* End XCConfigurationList section */
	};
	rootObject = DB58BF382E0792A500178211 /* Project object */;
}
